
Microsoft Visual Studio Solution File, Format Version 12.00
# Visual Studio 15
VisualStudioVersion = 15.0.28307.539
MinimumVisualStudioVersion = 10.0.40219.1
Project("{FAE04EC0-301F-11D3-BF4B-00C04F79EFBC}") = "NumberAdder", "NumberAdder\NumberAdder.csproj", "{88648026-B421-4B02-AE8B-7FAF20DF09FE}"
EndProject
Global
	GlobalSection(SolutionConfigurationPlatforms) = preSolution
		Debug|Any CPU = Debug|Any CPU
		Release|Any CPU = Release|Any CPU
	EndGlobalSection
	GlobalSection(ProjectConfigurationPlatforms) = postSolution
		{88648026-B421-4B02-AE8B-7FAF20DF09FE}.Debug|Any CPU.ActiveCfg = Debug|Any CPU
		{88648026-B421-4B02-AE8B-7FAF20DF09FE}.Debug|Any CPU.Build.0 = Debug|Any CPU
		{88648026-B421-4B02-AE8B-7FAF20DF09FE}.Release|Any CPU.ActiveCfg = Release|Any CPU
		{88648026-B421-4B02-AE8B-7FAF20DF09FE}.Release|Any CPU.Build.0 = Release|Any CPU
	EndGlobalSection
	GlobalSection(SolutionProperties) = preSolution
		HideSolutionNode = FALSE
	EndGlobalSection
	GlobalSection(ExtensibilityGlobals) = postSolution
		SolutionGuid = {468EECF7-F6AE-437D-AD63-C832FCB0372C}
	EndGlobalSection
EndGlobal
